{
  "name": "@mvasilkov/outdent",
  "version": "1.0.4",
  "lockfileVersion": 1,
  "requires": true,
  "dependencies": {
    "smoltest": {
      "version": "1.0.4",
      "resolved": "https://registry.npmjs.org/smoltest/-/smoltest-1.0.4.tgz",
      "integrity": "sha512-4coeFN4T43VWmu9oWBEO4VvxPAocLBpOgeRia0p9IBme36Ragnu0x3v06hS1YDAOjEqsCTu6TS+bN9YSAaynRA==",
      "dev": true
    }
  }
}
