{
  "name": "@mvasilkov/outdent",
  "version": "1.0.4",
  "lockfileVersion": 1,
  "requires": true,
  "dependencies": {
    "smoltest": {
      "version": "1.0.5",
      "resolved": "https://registry.npmjs.org/smoltest/-/smoltest-1.0.5.tgz",
      "integrity": "sha512-m+isFPa64MWMByxXu+52Beh1BHl+hqDFMZNKdN0E9//1hoGW5gQ4mmwjyK6rVjvRv2SNsVUC7FBYhZE+/yPA7g==",
      "dev": true
    }
  }
}
