# THIS IS AN AUTOGENERATED FILE. DO NOT EDIT THIS FILE DIRECTLY.
# yarn lockfile v1


smoltest@^1.0.2:
  version "1.0.2"
  resolved "https://registry.yarnpkg.com/smoltest/-/smoltest-1.0.2.tgz#7dea15da4dc804e8201e5dec97aeff89189306cf"
  integrity sha512-8ixT89ovdZtj+d3l3BzKEv3zZP7Tx+440ekBA//7zFP5vKya1EZtEsmVPB4ONyd3I52XHGbJl0hP/STpyHqpZw==
