# THIS IS AN AUTOGENERATED FILE. DO NOT EDIT THIS FILE DIRECTLY.
# yarn lockfile v1


smoltest@*:
  version "1.0.4"
  resolved "https://registry.yarnpkg.com/smoltest/-/smoltest-1.0.4.tgz#b32a1ce973642289fc596bb7925d7c8f48438464"
  integrity sha512-4coeFN4T43VWmu9oWBEO4VvxPAocLBpOgeRia0p9IBme36Ragnu0x3v06hS1YDAOjEqsCTu6TS+bN9YSAaynRA==
